
Microsoft Visual Studio Solution File, Format Version 12.00
# Visual Studio Version 16
VisualStudioVersion = 16.0.29709.97
MinimumVisualStudioVersion = 10.0.40219.1
Project("{FAE04EC0-301F-11D3-BF4B-00C04F79EFBC}") = "Private_Practice", "Private_Practice\Private_Practice.csproj", "{CD7090E5-ED9F-4FFA-B9B2-CE5EDD7EFA5C}"
EndProject
Global
	GlobalSection(SolutionConfigurationPlatforms) = preSolution
		Debug|Any CPU = Debug|Any CPU
		Release|Any CPU = Release|Any CPU
	EndGlobalSection
	GlobalSection(ProjectConfigurationPlatforms) = postSolution
		{CD7090E5-ED9F-4FFA-B9B2-CE5EDD7EFA5C}.Debug|Any CPU.ActiveCfg = Debug|Any CPU
		{CD7090E5-ED9F-4FFA-B9B2-CE5EDD7EFA5C}.Debug|Any CPU.Build.0 = Debug|Any CPU
		{CD7090E5-ED9F-4FFA-B9B2-CE5EDD7EFA5C}.Release|Any CPU.ActiveCfg = Release|Any CPU
		{CD7090E5-ED9F-4FFA-B9B2-CE5EDD7EFA5C}.Release|Any CPU.Build.0 = Release|Any CPU
	EndGlobalSection
	GlobalSection(SolutionProperties) = preSolution
		HideSolutionNode = FALSE
	EndGlobalSection
	GlobalSection(ExtensibilityGlobals) = postSolution
		SolutionGuid = {F87367E5-FE70-4358-BE5F-E33F28153850}
	EndGlobalSection
EndGlobal
